
Microsoft Visual Studio Solution File, Format Version 12.00
# Visual Studio Version 17
VisualStudioVersion = 17.7.34018.315
MinimumVisualStudioVersion = 10.0.40219.1
Project("{9A19103F-16F7-4668-BE54-9A1E7A4F7556}") = "Assignment1", "Assignment1\Assignment1.csproj", "{CAC29DEB-B783-44B4-AAD6-8C1CAA98AABE}"
EndProject
Project("{2150E333-8FDC-42A3-9474-1A3956D46DE8}") = "Application", "Application", "{C9FAB065-A833-4EF1-ADC2-A536EE7F45A4}"
EndProject
Project("{2150E333-8FDC-42A3-9474-1A3956D46DE8}") = "Infrastructure", "Infrastructure", "{DAD57E54-51E8-4002-A688-FF1EA2FCA200}"
EndProject
Project("{2150E333-8FDC-42A3-9474-1A3956D46DE8}") = "Domain", "Domain", "{BA73ECB5-0950-4D92-BD49-7A8283E63104}"
EndProject
Project("{2150E333-8FDC-42A3-9474-1A3956D46DE8}") = "Business", "Business", "{F64A4060-4901-4B91-995C-183EF026660D}"
EndProject
Project("{9A19103F-16F7-4668-BE54-9A1E7A4F7556}") = "Data", "Data\Data.csproj", "{DFFE8E70-C287-471B-8404-2629F3C87F81}"
EndProject
Project("{9A19103F-16F7-4668-BE54-9A1E7A4F7556}") = "Domain", "Domain\Domain.csproj", "{231B403E-F655-4509-8785-0B0FBCE51EE5}"
EndProject
Project("{9A19103F-16F7-4668-BE54-9A1E7A4F7556}") = "Business", "Business\Business.csproj", "{ADC356C4-2477-4F63-987A-85F30A815E5B}"
EndProject
Project("{9A19103F-16F7-4668-BE54-9A1E7A4F7556}") = "IoC", "IoC\IoC.csproj", "{B48C7015-810A-4710-B6CA-333549F2A20F}"
EndProject
Project("{9A19103F-16F7-4668-BE54-9A1E7A4F7556}") = "Models", "Models\Models.csproj", "{0F16CA16-EC81-4743-8151-D01B8116A50E}"
EndProject
Project("{9A19103F-16F7-4668-BE54-9A1E7A4F7556}") = "Common", "Common\Common.csproj", "{659BFB5F-9162-4D66-93F8-FEACD1C92D35}"
EndProject
Project("{FAE04EC0-301F-11D3-BF4B-00C04F79EFBC}") = "Communication", "Communication\Communication.csproj", "{816096A7-3446-4F4C-A34A-09E09CD4DDE7}"
EndProject
Global
	GlobalSection(SolutionConfigurationPlatforms) = preSolution
		Debug|Any CPU = Debug|Any CPU
		Release|Any CPU = Release|Any CPU
	EndGlobalSection
	GlobalSection(ProjectConfigurationPlatforms) = postSolution
		{CAC29DEB-B783-44B4-AAD6-8C1CAA98AABE}.Debug|Any CPU.ActiveCfg = Debug|Any CPU
		{CAC29DEB-B783-44B4-AAD6-8C1CAA98AABE}.Debug|Any CPU.Build.0 = Debug|Any CPU
		{CAC29DEB-B783-44B4-AAD6-8C1CAA98AABE}.Release|Any CPU.ActiveCfg = Release|Any CPU
		{CAC29DEB-B783-44B4-AAD6-8C1CAA98AABE}.Release|Any CPU.Build.0 = Release|Any CPU
		{DFFE8E70-C287-471B-8404-2629F3C87F81}.Debug|Any CPU.ActiveCfg = Debug|Any CPU
		{DFFE8E70-C287-471B-8404-2629F3C87F81}.Debug|Any CPU.Build.0 = Debug|Any CPU
		{DFFE8E70-C287-471B-8404-2629F3C87F81}.Release|Any CPU.ActiveCfg = Release|Any CPU
		{DFFE8E70-C287-471B-8404-2629F3C87F81}.Release|Any CPU.Build.0 = Release|Any CPU
		{231B403E-F655-4509-8785-0B0FBCE51EE5}.Debug|Any CPU.ActiveCfg = Debug|Any CPU
		{231B403E-F655-4509-8785-0B0FBCE51EE5}.Debug|Any CPU.Build.0 = Debug|Any CPU
		{231B403E-F655-4509-8785-0B0FBCE51EE5}.Release|Any CPU.ActiveCfg = Release|Any CPU
		{231B403E-F655-4509-8785-0B0FBCE51EE5}.Release|Any CPU.Build.0 = Release|Any CPU
		{ADC356C4-2477-4F63-987A-85F30A815E5B}.Debug|Any CPU.ActiveCfg = Debug|Any CPU
		{ADC356C4-2477-4F63-987A-85F30A815E5B}.Debug|Any CPU.Build.0 = Debug|Any CPU
		{ADC356C4-2477-4F63-987A-85F30A815E5B}.Release|Any CPU.ActiveCfg = Release|Any CPU
		{ADC356C4-2477-4F63-987A-85F30A815E5B}.Release|Any CPU.Build.0 = Release|Any CPU
		{B48C7015-810A-4710-B6CA-333549F2A20F}.Debug|Any CPU.ActiveCfg = Debug|Any CPU
		{B48C7015-810A-4710-B6CA-333549F2A20F}.Debug|Any CPU.Build.0 = Debug|Any CPU
		{B48C7015-810A-4710-B6CA-333549F2A20F}.Release|Any CPU.ActiveCfg = Release|Any CPU
		{B48C7015-810A-4710-B6CA-333549F2A20F}.Release|Any CPU.Build.0 = Release|Any CPU
		{0F16CA16-EC81-4743-8151-D01B8116A50E}.Debug|Any CPU.ActiveCfg = Debug|Any CPU
		{0F16CA16-EC81-4743-8151-D01B8116A50E}.Debug|Any CPU.Build.0 = Debug|Any CPU
		{0F16CA16-EC81-4743-8151-D01B8116A50E}.Release|Any CPU.ActiveCfg = Release|Any CPU
		{0F16CA16-EC81-4743-8151-D01B8116A50E}.Release|Any CPU.Build.0 = Release|Any CPU
		{659BFB5F-9162-4D66-93F8-FEACD1C92D35}.Debug|Any CPU.ActiveCfg = Debug|Any CPU
		{659BFB5F-9162-4D66-93F8-FEACD1C92D35}.Debug|Any CPU.Build.0 = Debug|Any CPU
		{659BFB5F-9162-4D66-93F8-FEACD1C92D35}.Release|Any CPU.ActiveCfg = Release|Any CPU
		{659BFB5F-9162-4D66-93F8-FEACD1C92D35}.Release|Any CPU.Build.0 = Release|Any CPU
		{816096A7-3446-4F4C-A34A-09E09CD4DDE7}.Debug|Any CPU.ActiveCfg = Debug|Any CPU
		{816096A7-3446-4F4C-A34A-09E09CD4DDE7}.Debug|Any CPU.Build.0 = Debug|Any CPU
		{816096A7-3446-4F4C-A34A-09E09CD4DDE7}.Release|Any CPU.ActiveCfg = Release|Any CPU
		{816096A7-3446-4F4C-A34A-09E09CD4DDE7}.Release|Any CPU.Build.0 = Release|Any CPU
	EndGlobalSection
	GlobalSection(SolutionProperties) = preSolution
		HideSolutionNode = FALSE
	EndGlobalSection
	GlobalSection(NestedProjects) = preSolution
		{CAC29DEB-B783-44B4-AAD6-8C1CAA98AABE} = {C9FAB065-A833-4EF1-ADC2-A536EE7F45A4}
		{DFFE8E70-C287-471B-8404-2629F3C87F81} = {DAD57E54-51E8-4002-A688-FF1EA2FCA200}
		{231B403E-F655-4509-8785-0B0FBCE51EE5} = {BA73ECB5-0950-4D92-BD49-7A8283E63104}
		{ADC356C4-2477-4F63-987A-85F30A815E5B} = {F64A4060-4901-4B91-995C-183EF026660D}
		{B48C7015-810A-4710-B6CA-333549F2A20F} = {DAD57E54-51E8-4002-A688-FF1EA2FCA200}
		{0F16CA16-EC81-4743-8151-D01B8116A50E} = {DAD57E54-51E8-4002-A688-FF1EA2FCA200}
		{659BFB5F-9162-4D66-93F8-FEACD1C92D35} = {DAD57E54-51E8-4002-A688-FF1EA2FCA200}
		{816096A7-3446-4F4C-A34A-09E09CD4DDE7} = {DAD57E54-51E8-4002-A688-FF1EA2FCA200}
	EndGlobalSection
	GlobalSection(ExtensibilityGlobals) = postSolution
		SolutionGuid = {C4EFA328-3194-4331-BC01-FE1A58C74736}
	EndGlobalSection
EndGlobal
